
Microsoft Visual Studio Solution File, Format Version 12.00
# Visual Studio Version 16
VisualStudioVersion = 16.0.29318.209
MinimumVisualStudioVersion = 10.0.40219.1
Project("{FAE04EC0-301F-11D3-BF4B-00C04F79EFBC}") = "gPadX", "gPadX.csproj", "{E51D9EB1-0BD3-44DA-9CD9-FB556ED73699}"
EndProject
Global
	GlobalSection(SolutionConfigurationPlatforms) = preSolution
		Debug|Any CPU = Debug|Any CPU
		Release|Any CPU = Release|Any CPU
	EndGlobalSection
	GlobalSection(ProjectConfigurationPlatforms) = postSolution
		{E51D9EB1-0BD3-44DA-9CD9-FB556ED73699}.Debug|Any CPU.ActiveCfg = Debug|Any CPU
		{E51D9EB1-0BD3-44DA-9CD9-FB556ED73699}.Debug|Any CPU.Build.0 = Debug|Any CPU
		{E51D9EB1-0BD3-44DA-9CD9-FB556ED73699}.Release|Any CPU.ActiveCfg = Release|Any CPU
		{E51D9EB1-0BD3-44DA-9CD9-FB556ED73699}.Release|Any CPU.Build.0 = Release|Any CPU
	EndGlobalSection
	GlobalSection(SolutionProperties) = preSolution
		HideSolutionNode = FALSE
	EndGlobalSection
	GlobalSection(ExtensibilityGlobals) = postSolution
		SolutionGuid = {40A800A7-20B9-4300-B5FF-B95303E63670}
	EndGlobalSection
EndGlobal
